# This file is automatically @generated by Poetry 1.4.0 and should not be changed by hand.

[[package]]
name = "chardet"
version = "5.1.0"
description = "Universal encoding detector for Python 3"
category = "main"
optional = false
python-versions = ">=3.7"
files = [
    {file = "chardet-5.1.0-py3-none-any.whl", hash = "sha256:362777fb014af596ad31334fde1e8c327dfdb076e1960d1694662d46a6917ab9"},
    {file = "chardet-5.1.0.tar.gz", hash = "sha256:0d62712b956bc154f85fb0a266e2a3c5913c2967e00348701b32411d6def31e5"},
]

[[package]]
name = "pysrt"
version = "1.1.2"
description = "SubRip (.srt) subtitle parser and writer"
category = "main"
optional = false
python-versions = "*"
files = [
    {file = "pysrt-1.1.2.tar.gz", hash = "sha256:b4f844ba33e4e7743e9db746492f3a193dc0bc112b153914698e7c1cdeb9b0b9"},
]

[package.dependencies]
chardet = "*"

[[package]]
name = "rapidfuzz"
version = "3.1.1"
description = "rapid fuzzy string matching"
category = "main"
optional = false
python-versions = ">=3.7"
files = [
    {file = "rapidfuzz-3.1.1-cp310-cp310-macosx_10_9_universal2.whl", hash = "sha256:17e4cbe6632aae7c35101c4b7c498e83f6eacf61be0def4ff98167df30dc69ca"},
    {file = "rapidfuzz-3.1.1-cp310-cp310-macosx_10_9_x86_64.whl", hash = "sha256:167dbce2da6bb5b73d43e53434c5a9d7d1214b658b315420e44044782f4c482b"},
    {file = "rapidfuzz-3.1.1-cp310-cp310-macosx_11_0_arm64.whl", hash = "sha256:cdee4f4d04761ce167538adbefa01a64e7cab949d89aa09df39ef0d5e859fb2a"},
    {file = "rapidfuzz-3.1.1-cp310-cp310-manylinux_2_17_aarch64.manylinux2014_aarch64.whl", hash = "sha256:88e77ed7d0bd8d9be530c462c921904ada8d3417671eed749784c5a315af334d"},
    {file = "rapidfuzz-3.1.1-cp310-cp310-manylinux_2_17_i686.manylinux2014_i686.whl", hash = "sha256:fdd2ab5ab56fcaf839a9f58caa8756dbfeba0b3dc187850b763d0a1e6ee9c97a"},
    {file = "rapidfuzz-3.1.1-cp310-cp310-manylinux_2_17_ppc64le.manylinux2014_ppc64le.whl", hash = "sha256:0843c53d54d5b7d6122d8f1d7574d8c91a7aacc5c316f74d6e33d98aec82949d"},
    {file = "rapidfuzz-3.1.1-cp310-cp310-manylinux_2_17_s390x.manylinux2014_s390x.whl", hash = "sha256:3b3e953dcef0302eeb4fe8c7c4907e50d175199fc07da05ad6bd1d8d141ff138"},
    {file = "rapidfuzz-3.1.1-cp310-cp310-manylinux_2_17_x86_64.manylinux2014_x86_64.whl", hash = "sha256:ec5523d5c08c639cd4e301d42f3ad7c6fb061a1f1cd6b5b627e59af345edfed7"},
    {file = "rapidfuzz-3.1.1-cp310-cp310-musllinux_1_1_aarch64.whl", hash = "sha256:b4995792e106c3f1ab6f56dd6089918b065888e2e55a71e3fea8d0f66bf30989"},
    {file = "rapidfuzz-3.1.1-cp310-cp310-musllinux_1_1_i686.whl", hash = "sha256:cdbf9a76ea47f14026daaed43a2c2150ab0e9a4d5396909f028380f33e61c522"},
    {file = "rapidfuzz-3.1.1-cp310-cp310-musllinux_1_1_ppc64le.whl", hash = "sha256:f25d1975e846d07990cf946a5927a932aa7cccd308ae9979b03a58ff1cd80087"},
    {file = "rapidfuzz-3.1.1-cp310-cp310-musllinux_1_1_s390x.whl", hash = "sha256:e0755f5ac6c3d1dc2505eb2e6eaf5508ff17b42c084406714fbabf2d50d098b6"},
    {file = "rapidfuzz-3.1.1-cp310-cp310-musllinux_1_1_x86_64.whl", hash = "sha256:de784bbe06d32e66617cd20766c37aae2438902d54b3fa608d2e0a929ca705f4"},
    {file = "rapidfuzz-3.1.1-cp310-cp310-win32.whl", hash = "sha256:ef6c38040d868dcc0132fad377aafeb5b2da71354759e77f41ae599316df2dee"},
    {file = "rapidfuzz-3.1.1-cp310-cp310-win_amd64.whl", hash = "sha256:7c74fde444bcd13ef3a803c578b28f33b4f9edf368f46ca3de57fda456065967"},
    {file = "rapidfuzz-3.1.1-cp310-cp310-win_arm64.whl", hash = "sha256:e549da8d68ad4ee385c918ea8b9efeda875df9edf6c6b48df927bd061c00bfef"},
    {file = "rapidfuzz-3.1.1-cp311-cp311-macosx_10_9_universal2.whl", hash = "sha256:58ca539cc6ce385d650138a9b1908b05622c2dd08a23d5aea4890523ef3774d5"},
    {file = "rapidfuzz-3.1.1-cp311-cp311-macosx_10_9_x86_64.whl", hash = "sha256:91946c496e6f380939dbea14ff6ce6de87480445c09d03964f5374101462594b"},
    {file = "rapidfuzz-3.1.1-cp311-cp311-macosx_11_0_arm64.whl", hash = "sha256:7f2024f83a9300440e845b441e71726471f7567021c1d80796ca02e71c5f0dc2"},
    {file = "rapidfuzz-3.1.1-cp311-cp311-manylinux_2_17_aarch64.manylinux2014_aarch64.whl", hash = "sha256:17b017f9e1b88dfd6d9b03170ef8e86477de0d9d37fbfcbe72ca070cacbe1b65"},
    {file = "rapidfuzz-3.1.1-cp311-cp311-manylinux_2_17_i686.manylinux2014_i686.whl", hash = "sha256:e6772eb7cc4429f1eae5a9b41e5b0b1af8f0d50727c6e338d9ad5bceee01da5a"},
    {file = "rapidfuzz-3.1.1-cp311-cp311-manylinux_2_17_ppc64le.manylinux2014_ppc64le.whl", hash = "sha256:c089ce856919e03f4dd8f9168d60ac580d30cd0451fd60dcdef73010eca68973"},
    {file = "rapidfuzz-3.1.1-cp311-cp311-manylinux_2_17_s390x.manylinux2014_s390x.whl", hash = "sha256:3f2cd9a3760080876fc59edb26926e51d6db44dea65e85f1eb04aa5f58c3bc41"},
    {file = "rapidfuzz-3.1.1-cp311-cp311-manylinux_2_17_x86_64.manylinux2014_x86_64.whl", hash = "sha256:6f32791ee045a7b3d6a56208a55d996d5f7a32fdb688f5c5ee899cb7589539eb"},
    {file = "rapidfuzz-3.1.1-cp311-cp311-musllinux_1_1_aarch64.whl", hash = "sha256:68d910048b36613701ea671de68f701e2c1ba2839295238def840ff1fc1b15f4"},
    {file = "rapidfuzz-3.1.1-cp311-cp311-musllinux_1_1_i686.whl", hash = "sha256:6f767d4823002e65c06ea273f952fda2b88775e1c2d508564f04d32cdd7f65b2"},
    {file = "rapidfuzz-3.1.1-cp311-cp311-musllinux_1_1_ppc64le.whl", hash = "sha256:10313075642a9f1f948d356f4f0803ae28a496d7967b466b9cae1a4be8aa4df3"},
    {file = "rapidfuzz-3.1.1-cp311-cp311-musllinux_1_1_s390x.whl", hash = "sha256:1465ea085154378e69bf4bc5e27bdac5c94684416882ace31865232adc9239a2"},
    {file = "rapidfuzz-3.1.1-cp311-cp311-musllinux_1_1_x86_64.whl", hash = "sha256:53e3c588e7ea158fa80095dd0ff53f49e2ede9a8d71a3a5b964ca045d845a9b9"},
    {file = "rapidfuzz-3.1.1-cp311-cp311-win32.whl", hash = "sha256:cb08db5c122fea4196483b82f7596e50ef9cab1770f7696c197bf0815ac4dd17"},
    {file = "rapidfuzz-3.1.1-cp311-cp311-win_amd64.whl", hash = "sha256:b7c65112c87568274d399ad7a62902cef17801c2bd047b162e79e43758b3ce27"},
    {file = "rapidfuzz-3.1.1-cp311-cp311-win_arm64.whl", hash = "sha256:ea3e46a534de97a6cad2018cb950492a0fcacad380e35440ce3c1c8fef96a261"},
    {file = "rapidfuzz-3.1.1-cp37-cp37m-macosx_10_9_x86_64.whl", hash = "sha256:a8bb256b34fcad4f3fa00be6b57fe35bcb54f031911195929145c67d9738ffec"},
    {file = "rapidfuzz-3.1.1-cp37-cp37m-manylinux_2_17_aarch64.manylinux2014_aarch64.whl", hash = "sha256:51f21f37aec6bc117e9083181ddc3cbbcbf56b6506492b128d8e836d3545ca80"},
    {file = "rapidfuzz-3.1.1-cp37-cp37m-manylinux_2_17_i686.manylinux2014_i686.whl", hash = "sha256:5a371846f45ed9d24927a8d5222884536c1e171543396b36250fafb2e848bc92"},
    {file = "rapidfuzz-3.1.1-cp37-cp37m-manylinux_2_17_ppc64le.manylinux2014_ppc64le.whl", hash = "sha256:25eea5c8006b6c8747ca204675c9e939f3c4d27167fb43b2aa211443d34f9abd"},
    {file = "rapidfuzz-3.1.1-cp37-cp37m-manylinux_2_17_s390x.manylinux2014_s390x.whl", hash = "sha256:db5e71e5a810d2f1163c914e01b3ba241409a98286ac4850ff26076115ae401b"},
    {file = "rapidfuzz-3.1.1-cp37-cp37m-manylinux_2_17_x86_64.manylinux2014_x86_64.whl", hash = "sha256:8c07e16ab38e717931319cff1340debbf2ef940a1cda4eb70e323079b62df306"},
    {file = "rapidfuzz-3.1.1-cp37-cp37m-musllinux_1_1_aarch64.whl", hash = "sha256:aadc5a8b9859737a8f87831215b7fab0c04afeb960bb987c528421a4e6dfb8b6"},
    {file = "rapidfuzz-3.1.1-cp37-cp37m-musllinux_1_1_i686.whl", hash = "sha256:0de229cb613be060580c71c1674acbde57921c7ed33d7a726e071a2562924113"},
    {file = "rapidfuzz-3.1.1-cp37-cp37m-musllinux_1_1_ppc64le.whl", hash = "sha256:b1bf8aba99b267aad0a01dfb44ee39803676007724abcfb72129c350476b2341"},
    {file = "rapidfuzz-3.1.1-cp37-cp37m-musllinux_1_1_s390x.whl", hash = "sha256:d3264e4a02e4148e30078104fb0c1b6c8eb166ddc5ebe843a22433f58f87dc47"},
    {file = "rapidfuzz-3.1.1-cp37-cp37m-musllinux_1_1_x86_64.whl", hash = "sha256:712331c1c70c79a219c2ac233b4e25e75ffad51042840d147d5e94519c7d8a1a"},
    {file = "rapidfuzz-3.1.1-cp37-cp37m-win32.whl", hash = "sha256:6ede2d42ad55bd4e7a3394e98c5f58ddace78775493391732d32be61268a4116"},
    {file = "rapidfuzz-3.1.1-cp37-cp37m-win_amd64.whl", hash = "sha256:32a5c47b5153f25eb512dbb91f9850225d2dcfb3404a1c48406726c7732b0726"},
    {file = "rapidfuzz-3.1.1-cp38-cp38-macosx_10_9_universal2.whl", hash = "sha256:51bb8f7aa4fe45618e75cdccf08491c752a7f137ffbf7d3afd1809791ac8c326"},
    {file = "rapidfuzz-3.1.1-cp38-cp38-macosx_10_9_x86_64.whl", hash = "sha256:788fb03c5acb5b48f5f918f4cbb5dc072498becf018c64e7e27d6b76e63e68b8"},
    {file = "rapidfuzz-3.1.1-cp38-cp38-macosx_11_0_arm64.whl", hash = "sha256:dc7f25e20781c8d42e813516ee4ff9043ecce4a8e25fc94ee6732a83d81c1c99"},
    {file = "rapidfuzz-3.1.1-cp38-cp38-manylinux_2_17_aarch64.manylinux2014_aarch64.whl", hash = "sha256:a4a751f216fd1222a4a8c7ceff5180872a156202c3bdca1b337e5a5b09298dfd"},
    {file = "rapidfuzz-3.1.1-cp38-cp38-manylinux_2_17_i686.manylinux2014_i686.whl", hash = "sha256:83b48b789f2da1688882cba595c40179194ab15ec17ea1d4c9de9ee239649904"},
    {file = "rapidfuzz-3.1.1-cp38-cp38-manylinux_2_17_ppc64le.manylinux2014_ppc64le.whl", hash = "sha256:09a6f5cd9f1282da49b8d0747c40f3fea2d64ab5e4c2cc2295baf87ff7a0d062"},
    {file = "rapidfuzz-3.1.1-cp38-cp38-manylinux_2_17_s390x.manylinux2014_s390x.whl", hash = "sha256:d5fe8054c244bf63be2380efc275edd86da3a706460d42911dc3ff914f3260a5"},
    {file = "rapidfuzz-3.1.1-cp38-cp38-manylinux_2_17_x86_64.manylinux2014_x86_64.whl", hash = "sha256:5d4d509e9aa011e1be5e4da7c5062dc4fc3688714687110536925980b3d03ac6"},
    {file = "rapidfuzz-3.1.1-cp38-cp38-musllinux_1_1_aarch64.whl", hash = "sha256:ccc1b5b467766110085c80bb9311d233fccc8ed1ce965aebba3125e1bab04cba"},
    {file = "rapidfuzz-3.1.1-cp38-cp38-musllinux_1_1_i686.whl", hash = "sha256:7e181411958d04d5b437a0981e87815e8f1b1909f5ae0e339246d3bc464f53e7"},
    {file = "rapidfuzz-3.1.1-cp38-cp38-musllinux_1_1_ppc64le.whl", hash = "sha256:c53cf36cdb10819b7154fefdbffbef442ba567d9c1ca74a7e76fd759ace45e6c"},
    {file = "rapidfuzz-3.1.1-cp38-cp38-musllinux_1_1_s390x.whl", hash = "sha256:851b44130393139cb336aa54c681d595d75a3160b7be330f3acc0c3b9dabce70"},
    {file = "rapidfuzz-3.1.1-cp38-cp38-musllinux_1_1_x86_64.whl", hash = "sha256:49d900da023eeb3bfbe9feee126312eb9fd0458129aa5a581e4d8d8bf4483d14"},
    {file = "rapidfuzz-3.1.1-cp38-cp38-win32.whl", hash = "sha256:6c0e96821029c46847df4ff266ea283a2b6163a4f76a4567f9986934e9c4410c"},
    {file = "rapidfuzz-3.1.1-cp38-cp38-win_amd64.whl", hash = "sha256:7af18372f576e36e93f4662bdf64043ac23dfa02d7f768d7e7e1d0211bb9cb35"},
    {file = "rapidfuzz-3.1.1-cp39-cp39-macosx_10_9_universal2.whl", hash = "sha256:8b966344ed4122a71ab8ccdca2954db1ce0d8049cb9bcac58db07558f9d9ec32"},
    {file = "rapidfuzz-3.1.1-cp39-cp39-macosx_10_9_x86_64.whl", hash = "sha256:a293370448f2e46fdc6e086ac99923015bdc53973a65d3df35aefc685e1a5809"},
    {file = "rapidfuzz-3.1.1-cp39-cp39-macosx_11_0_arm64.whl", hash = "sha256:351d253fdee62d6d0e80c75f0505accc1ce8cc73a50779c60986ef21c92f20f9"},
    {file = "rapidfuzz-3.1.1-cp39-cp39-manylinux_2_17_aarch64.manylinux2014_aarch64.whl", hash = "sha256:4e951c874a0e5b375b2af9b5f264eefc679c0685c166ee0641e703ef0795509b"},
    {file = "rapidfuzz-3.1.1-cp39-cp39-manylinux_2_17_i686.manylinux2014_i686.whl", hash = "sha256:4019def8a18bc867ac61f08a542bf474a7a9b3f662f5d5cd169c9135866562f5"},
    {file = "rapidfuzz-3.1.1-cp39-cp39-manylinux_2_17_ppc64le.manylinux2014_ppc64le.whl", hash = "sha256:086a2d84c2e497e3ab160ccf164e319bca874d9383d008fcadf91ede8ac7997f"},
    {file = "rapidfuzz-3.1.1-cp39-cp39-manylinux_2_17_s390x.manylinux2014_s390x.whl", hash = "sha256:6d4da453fbd8793ebb11bed396f8a4b9041d6227bf055903447305dd7942312f"},
    {file = "rapidfuzz-3.1.1-cp39-cp39-manylinux_2_17_x86_64.manylinux2014_x86_64.whl", hash = "sha256:10f56af1d46fbeaaa0dc50901c2dc439c7a455cfdac2f1acf6cffeb65ae82c48"},
    {file = "rapidfuzz-3.1.1-cp39-cp39-musllinux_1_1_aarch64.whl", hash = "sha256:7726f67e4a0b2b4392f03aa62e16b12a697156c6735df27b21bd3ab561b01659"},
    {file = "rapidfuzz-3.1.1-cp39-cp39-musllinux_1_1_i686.whl", hash = "sha256:d72916d27fb88741bfb576b0b0639354ca00f5e91046171c985262c68a86bbb5"},
    {file = "rapidfuzz-3.1.1-cp39-cp39-musllinux_1_1_ppc64le.whl", hash = "sha256:8c85bb6946fb02231d1e60ab45c36ecee04ecf7f725e094f5beee798b6b7d36d"},
    {file = "rapidfuzz-3.1.1-cp39-cp39-musllinux_1_1_s390x.whl", hash = "sha256:fb7049dff52cded65184a3d2ff45cfd226bff7314f49a8f4b83f943eea9181a7"},
    {file = "rapidfuzz-3.1.1-cp39-cp39-musllinux_1_1_x86_64.whl", hash = "sha256:408007b4bc5a0a0cb9bfcdcc8cffa9b71fec6ee53ccdf9c26b57539f7e264ab5"},
    {file = "rapidfuzz-3.1.1-cp39-cp39-win32.whl", hash = "sha256:9dc7154889937ca5a004d17f62b4798e0af52f69c38eb3112dbdb52b006d4419"},
    {file = "rapidfuzz-3.1.1-cp39-cp39-win_amd64.whl", hash = "sha256:16c506bac2e0a6f6581b334a7802c2f0d8343ec1d77e5cf9452c33d6219abef8"},
    {file = "rapidfuzz-3.1.1-cp39-cp39-win_arm64.whl", hash = "sha256:5e11e11880951e767342b56627ab2dc9d3ef90e2605b656e9b5e6e0beadaaf0f"},
    {file = "rapidfuzz-3.1.1-pp37-pypy37_pp73-macosx_10_9_x86_64.whl", hash = "sha256:a8b8f32463781e4703965c9cf7a609a19a74478f332e0d62cd9d0e7a9db91321"},
    {file = "rapidfuzz-3.1.1-pp37-pypy37_pp73-manylinux_2_17_aarch64.manylinux2014_aarch64.whl", hash = "sha256:b408ac3c7f8c3414bfd5c6044ca4bb385b390bcf5eae3ad884cef48628c131ae"},
    {file = "rapidfuzz-3.1.1-pp37-pypy37_pp73-manylinux_2_17_i686.manylinux2014_i686.whl", hash = "sha256:9ff1a517de2b1e80ddf1a3037a6ebca9925154c1af70751518d50d5c332e1ec8"},
    {file = "rapidfuzz-3.1.1-pp37-pypy37_pp73-manylinux_2_17_x86_64.manylinux2014_x86_64.whl", hash = "sha256:f1e23665be5918f979180130babedab9317fbb34cdae237c7defad7e86bc684e"},
    {file = "rapidfuzz-3.1.1-pp37-pypy37_pp73-win_amd64.whl", hash = "sha256:15260263a0c7bffac934a53b6622d77e06e10929ee4d2e62ac6f70c13988f351"},
    {file = "rapidfuzz-3.1.1-pp38-pypy38_pp73-macosx_10_9_x86_64.whl", hash = "sha256:f7acc5c9c7cf567372de5b6c817f93db508e7b9bd7f29bd6187df8d2cc60ced5"},
    {file = "rapidfuzz-3.1.1-pp38-pypy38_pp73-manylinux_2_17_aarch64.manylinux2014_aarch64.whl", hash = "sha256:79f5a3ab7ff6c46336f38690f0564bc7689cefa180257ed9078c42f75b10c9d2"},
    {file = "rapidfuzz-3.1.1-pp38-pypy38_pp73-manylinux_2_17_i686.manylinux2014_i686.whl", hash = "sha256:362e366e79fcc9a8866b41f20ef4d2987a06f8b134096e659594c059aa8a6d88"},
    {file = "rapidfuzz-3.1.1-pp38-pypy38_pp73-manylinux_2_17_x86_64.manylinux2014_x86_64.whl", hash = "sha256:819d9317c3d86b508d87ab1bca5867f3abc18b902c822bc57366ccc6330a030b"},
    {file = "rapidfuzz-3.1.1-pp38-pypy38_pp73-win_amd64.whl", hash = "sha256:4a64ddfb7084b678da7778c1263aee2baae5a2ca55ec5589a022defc38103eb1"},
    {file = "rapidfuzz-3.1.1-pp39-pypy39_pp73-macosx_10_9_x86_64.whl", hash = "sha256:8243bb4bb4db7c3501932ced6a978b284e19c3619b6802455e47bfd0905adb81"},
    {file = "rapidfuzz-3.1.1-pp39-pypy39_pp73-manylinux_2_17_aarch64.manylinux2014_aarch64.whl", hash = "sha256:39c7d0dbd77a7f28ff85a1dff2afb2ed73e5cd81cca3f654450ed339a271c0ab"},
    {file = "rapidfuzz-3.1.1-pp39-pypy39_pp73-manylinux_2_17_i686.manylinux2014_i686.whl", hash = "sha256:a4afab735bb0ac3ec9bafcc35376ed336d26af6140c4d81e4c869e77df77ecd5"},
    {file = "rapidfuzz-3.1.1-pp39-pypy39_pp73-manylinux_2_17_x86_64.manylinux2014_x86_64.whl", hash = "sha256:69d503a7641b5a63aa53c7aca0b857d38f48cd7bae39f8563679b324e3d2d47a"},
    {file = "rapidfuzz-3.1.1-pp39-pypy39_pp73-win_amd64.whl", hash = "sha256:ef3ad80458e47723812976a2ea1282ff207ad20e6cb19da1917f76699bd5aaa5"},
    {file = "rapidfuzz-3.1.1.tar.gz", hash = "sha256:a06a08be3cb7d7df7993dd16e84aaf59bd5a7ff98a9f1b3e893d18b273a71c64"},
]

[package.extras]
full = ["numpy"]

[metadata]
lock-version = "2.0"
python-versions = "^3.8"
content-hash = "7a56c2fd774fb47a070352b8aaa08d51bc5ddb6e513c8a0ca1818107500f74e1"
