# This file is automatically @generated by Poetry 1.5.1 and should not be changed by hand.

[[package]]
name = "chardet"
version = "5.1.0"
description = "Universal encoding detector for Python 3"
optional = false
python-versions = ">=3.7"
files = [
    {file = "chardet-5.1.0-py3-none-any.whl", hash = "sha256:362777fb014af596ad31334fde1e8c327dfdb076e1960d1694662d46a6917ab9"},
    {file = "chardet-5.1.0.tar.gz", hash = "sha256:0d62712b956bc154f85fb0a266e2a3c5913c2967e00348701b32411d6def31e5"},
]

[[package]]
name = "click"
version = "8.1.6"
description = "Composable command line interface toolkit"
optional = false
python-versions = ">=3.7"
files = [
    {file = "click-8.1.6-py3-none-any.whl", hash = "sha256:fa244bb30b3b5ee2cae3da8f55c9e5e0c0e86093306301fb418eb9dc40fbded5"},
    {file = "click-8.1.6.tar.gz", hash = "sha256:48ee849951919527a045bfe3bf7baa8a959c423134e1a5b98c05c20ba75a1cbd"},
]

[package.dependencies]
colorama = {version = "*", markers = "platform_system == \"Windows\""}

[[package]]
name = "colorama"
version = "0.4.6"
description = "Cross-platform colored terminal text."
optional = false
python-versions = "!=3.0.*,!=3.1.*,!=3.2.*,!=3.3.*,!=3.4.*,!=3.5.*,!=3.6.*,>=2.7"
files = [
    {file = "colorama-0.4.6-py2.py3-none-any.whl", hash = "sha256:4f1d9991f5acc0ca119f9d443620b77f9d6b33703e51011c16baf57afb285fc6"},
    {file = "colorama-0.4.6.tar.gz", hash = "sha256:08695f5cb7ed6e0531a20572697297273c47b8cae5a63ffc6d6ed5c201be6e44"},
]

[[package]]
name = "pysrt"
version = "1.1.2"
description = "SubRip (.srt) subtitle parser and writer"
optional = false
python-versions = "*"
files = [
    {file = "pysrt-1.1.2.tar.gz", hash = "sha256:b4f844ba33e4e7743e9db746492f3a193dc0bc112b153914698e7c1cdeb9b0b9"},
]

[package.dependencies]
chardet = "*"

[[package]]
name = "rapidfuzz"
version = "3.1.2"
description = "rapid fuzzy string matching"
optional = false
python-versions = ">=3.7"
files = [
    {file = "rapidfuzz-3.1.2-cp310-cp310-macosx_10_9_universal2.whl", hash = "sha256:a7c41b1ab1532993d203eda9ab82bb8b7269717a7dc424b05ba39f1e39be5ddc"},
    {file = "rapidfuzz-3.1.2-cp310-cp310-macosx_10_9_x86_64.whl", hash = "sha256:710e107a0977d53b29a68d89fef476fb378dc97cbbe81729f9e7dcc55c86c844"},
    {file = "rapidfuzz-3.1.2-cp310-cp310-macosx_11_0_arm64.whl", hash = "sha256:105496b727923ea98e6a788becfd018e0da3510338f19d2c7b642775dcadcc2a"},
    {file = "rapidfuzz-3.1.2-cp310-cp310-manylinux_2_17_aarch64.manylinux2014_aarch64.whl", hash = "sha256:85a85d2a9e8c7af690fe4056c1e48ce641a77cf48688751ff95c86f2a44fc5ec"},
    {file = "rapidfuzz-3.1.2-cp310-cp310-manylinux_2_17_i686.manylinux2014_i686.whl", hash = "sha256:0d4b09c39125b5f21c62a6e08e6649fed6951ffc76a0a7e56c7b29e234002721"},
    {file = "rapidfuzz-3.1.2-cp310-cp310-manylinux_2_17_ppc64le.manylinux2014_ppc64le.whl", hash = "sha256:e05b0e3d1803071221eeea695a5a247f3b66f55c3d2e9c2a13ed33ccf67a3f30"},
    {file = "rapidfuzz-3.1.2-cp310-cp310-manylinux_2_17_s390x.manylinux2014_s390x.whl", hash = "sha256:47d532d6132d5fa40a3f1d3ea7c8752ca5e2ccf50a1aee5c5da16be7f04d8218"},
    {file = "rapidfuzz-3.1.2-cp310-cp310-manylinux_2_17_x86_64.manylinux2014_x86_64.whl", hash = "sha256:3d93e61486d3d4767e46b108e19586038ce4e8d374c719a1dc0b1077d6007a11"},
    {file = "rapidfuzz-3.1.2-cp310-cp310-musllinux_1_1_aarch64.whl", hash = "sha256:f0e128aa3dcc422c55d55de39dbbcce1401947c4215a5dcd36331151e8ee77ce"},
    {file = "rapidfuzz-3.1.2-cp310-cp310-musllinux_1_1_i686.whl", hash = "sha256:a45faa1a24fd3e078567ee31b953fe6e5819e9286a14f68c72c5689f14242f68"},
    {file = "rapidfuzz-3.1.2-cp310-cp310-musllinux_1_1_ppc64le.whl", hash = "sha256:15e3586077863d61bf948a0541c7d077ddf4b4ebc59aca1568514bc9a10b8172"},
    {file = "rapidfuzz-3.1.2-cp310-cp310-musllinux_1_1_s390x.whl", hash = "sha256:3ca6fac652b195f8eff608b00c0c79889b7cb2984125abfbd14f6fb3f6effe25"},
    {file = "rapidfuzz-3.1.2-cp310-cp310-musllinux_1_1_x86_64.whl", hash = "sha256:39943285af1b3884bfbf4d51376bce180f0456a5b04e766416c1af9a4b62b93a"},
    {file = "rapidfuzz-3.1.2-cp310-cp310-win32.whl", hash = "sha256:ddf043aba44e951a6c8ff1addee57d9c3438f1ab3a7edd87ebc951621d8befda"},
    {file = "rapidfuzz-3.1.2-cp310-cp310-win_amd64.whl", hash = "sha256:555053d9c4ed1ad7d0bf78617ec474ab436a7be94966e98de79cf226d7e9a341"},
    {file = "rapidfuzz-3.1.2-cp310-cp310-win_arm64.whl", hash = "sha256:0a44d6bd5b4b510d5bfa64363d888070fedf55d7044564e9685fc9b6572a9fa5"},
    {file = "rapidfuzz-3.1.2-cp311-cp311-macosx_10_9_universal2.whl", hash = "sha256:45e639069ecdb2aa33a2dc4a2b4c30f0bc35067830dbe5786031121ae9ac9eb6"},
    {file = "rapidfuzz-3.1.2-cp311-cp311-macosx_10_9_x86_64.whl", hash = "sha256:3dbd9bf09ed895a01d1aca3d82b1ce3656d1b121650ee8d640e0e17ba24e9e31"},
    {file = "rapidfuzz-3.1.2-cp311-cp311-macosx_11_0_arm64.whl", hash = "sha256:493e00f8664ade67574cf0e7984f53bc1dbfd018b0a8102e326bee002acdcd3f"},
    {file = "rapidfuzz-3.1.2-cp311-cp311-manylinux_2_17_aarch64.manylinux2014_aarch64.whl", hash = "sha256:bd04785eaed247cc79149e1c0b01a4ca60efde6976e617231f5bb5ec84eb4c80"},
    {file = "rapidfuzz-3.1.2-cp311-cp311-manylinux_2_17_i686.manylinux2014_i686.whl", hash = "sha256:b5d3558e949f3de0081a5f6f8fa74a5a260ca9612e03be9cab8d7289c6bee8ad"},
    {file = "rapidfuzz-3.1.2-cp311-cp311-manylinux_2_17_ppc64le.manylinux2014_ppc64le.whl", hash = "sha256:4aec1e9d5416030f77de7e909af2645cc935e999da7e15d59d7e23b37a7a10ed"},
    {file = "rapidfuzz-3.1.2-cp311-cp311-manylinux_2_17_s390x.manylinux2014_s390x.whl", hash = "sha256:f1b9e00ae857fdd6d52bd6d7e1b5598c54bcd0194f4626abfd2eb4e93a8dfebd"},
    {file = "rapidfuzz-3.1.2-cp311-cp311-manylinux_2_17_x86_64.manylinux2014_x86_64.whl", hash = "sha256:b93f443705985f5d8c3594015caa2e89749875c9596c834dbc9f86d3c8331a5a"},
    {file = "rapidfuzz-3.1.2-cp311-cp311-musllinux_1_1_aarch64.whl", hash = "sha256:5f1f6f18f23f2744a58b0d02f07d31f5fc104ba2e6c81fbb51ecd50e96a3374c"},
    {file = "rapidfuzz-3.1.2-cp311-cp311-musllinux_1_1_i686.whl", hash = "sha256:2bd27356081b0b5ea3164dc45945e56a9ff3aac89f6df83835852ed377e274a0"},
    {file = "rapidfuzz-3.1.2-cp311-cp311-musllinux_1_1_ppc64le.whl", hash = "sha256:45131c2bf9b6c739ffde137e6c56af65786a17a53b0c6e6ca3bba762bb063a9a"},
    {file = "rapidfuzz-3.1.2-cp311-cp311-musllinux_1_1_s390x.whl", hash = "sha256:6e29be51831c5a839268cddfa895a4833dfe6541611759bdc485eb8ebdf0b310"},
    {file = "rapidfuzz-3.1.2-cp311-cp311-musllinux_1_1_x86_64.whl", hash = "sha256:6031a0985b0ecc72f3f9704efb4a2e7db77c315f732a953a13fb0900204c3047"},
    {file = "rapidfuzz-3.1.2-cp311-cp311-win32.whl", hash = "sha256:fa910442085e9e141259110e4a228f6a2860fa7bd85872707188f9ddd2479153"},
    {file = "rapidfuzz-3.1.2-cp311-cp311-win_amd64.whl", hash = "sha256:173378a1e9503e0239e422515c8dc4dcf70048070cb1d8301adc2722de1625ec"},
    {file = "rapidfuzz-3.1.2-cp311-cp311-win_arm64.whl", hash = "sha256:c0ee0733a17e9cc920838b46c43bab43c0e2cee78f091d8c788b162088ffc552"},
    {file = "rapidfuzz-3.1.2-cp37-cp37m-macosx_10_9_x86_64.whl", hash = "sha256:afa9a09ff78e40b2372ce2d4acee44165d2f7db7e253d670db93fe8a5d4b00b9"},
    {file = "rapidfuzz-3.1.2-cp37-cp37m-manylinux_2_17_aarch64.manylinux2014_aarch64.whl", hash = "sha256:0df7736854b85ee1bfa775e0cde33a1af16ef0f9127e11f1232bf125af6b038b"},
    {file = "rapidfuzz-3.1.2-cp37-cp37m-manylinux_2_17_i686.manylinux2014_i686.whl", hash = "sha256:be05b3fc71b5a92085b4017551b6e3e1c13199c762f82dea0c3fbbae86d24f66"},
    {file = "rapidfuzz-3.1.2-cp37-cp37m-manylinux_2_17_ppc64le.manylinux2014_ppc64le.whl", hash = "sha256:ba1a336b41b71326b2ba735ce9d0b6b22c5160b23fddd9024e0717ead3e0bb90"},
    {file = "rapidfuzz-3.1.2-cp37-cp37m-manylinux_2_17_s390x.manylinux2014_s390x.whl", hash = "sha256:702a238fdc50d5d545f381d817f9141baff51d3014768286a07433a0790d33ce"},
    {file = "rapidfuzz-3.1.2-cp37-cp37m-manylinux_2_17_x86_64.manylinux2014_x86_64.whl", hash = "sha256:bfbf2e8923874379d035d08f38ef25595ab13a074605fc78b04c79ae3d6b6bdf"},
    {file = "rapidfuzz-3.1.2-cp37-cp37m-musllinux_1_1_aarch64.whl", hash = "sha256:2e03f99ffca1774ef1fe0bec473cb95a67af254ba03a2f3ff241581edb8b7954"},
    {file = "rapidfuzz-3.1.2-cp37-cp37m-musllinux_1_1_i686.whl", hash = "sha256:54a76e7b9093c99831bd5cc6513caf1689ec7d6e5123ec547444776fdf309592"},
    {file = "rapidfuzz-3.1.2-cp37-cp37m-musllinux_1_1_ppc64le.whl", hash = "sha256:d45a0c8043e3e543032475d334c4058070865bc75b162dd11959aeebe75dd27f"},
    {file = "rapidfuzz-3.1.2-cp37-cp37m-musllinux_1_1_s390x.whl", hash = "sha256:7a88342b03c6c41b0ee8f5504d3a30bf47070f87b8bcfc63290e908ff0a212f5"},
    {file = "rapidfuzz-3.1.2-cp37-cp37m-musllinux_1_1_x86_64.whl", hash = "sha256:a9c0bdb945a8fc6cb8d661da3d3969dd0a26202d7c17adb896c393c12cce9d10"},
    {file = "rapidfuzz-3.1.2-cp37-cp37m-win32.whl", hash = "sha256:4f97190786e089e7a413d20b6c3964981fb1e21d7580c094dde08dbb17fd1171"},
    {file = "rapidfuzz-3.1.2-cp37-cp37m-win_amd64.whl", hash = "sha256:c00b7ece60047c3e022e6769f98a343a300976764711ac354c71229f1185787e"},
    {file = "rapidfuzz-3.1.2-cp38-cp38-macosx_10_9_universal2.whl", hash = "sha256:5289d882afb7e1ec7c6d33493f7964cc75fbaf298dcc1e3fbb1f0039560ddc7d"},
    {file = "rapidfuzz-3.1.2-cp38-cp38-macosx_10_9_x86_64.whl", hash = "sha256:785e330257b5d6ad1b59334d5af2253fccee6f921feb85e8e18662479f29be4f"},
    {file = "rapidfuzz-3.1.2-cp38-cp38-macosx_11_0_arm64.whl", hash = "sha256:a996bf1859fb103ef34c24fe13d420714bbd4a43c50fa2cf44bb7d60b6060de3"},
    {file = "rapidfuzz-3.1.2-cp38-cp38-manylinux_2_17_aarch64.manylinux2014_aarch64.whl", hash = "sha256:fa05dd24202001c2d9811cae12ed9942de240faff3cb37fc25ba2722026b7acb"},
    {file = "rapidfuzz-3.1.2-cp38-cp38-manylinux_2_17_i686.manylinux2014_i686.whl", hash = "sha256:60332a597794c3b184d240c8306d6b2fc4e6fd4606c1186bb08af41986b827cd"},
    {file = "rapidfuzz-3.1.2-cp38-cp38-manylinux_2_17_ppc64le.manylinux2014_ppc64le.whl", hash = "sha256:ef867fa13f7f064200a41299a442d92180b178edd0fe81a1f5222739b2572249"},
    {file = "rapidfuzz-3.1.2-cp38-cp38-manylinux_2_17_s390x.manylinux2014_s390x.whl", hash = "sha256:5156692990dd9ddbd4734ff50c6b511c054aa660177fca64d214de57d54257a4"},
    {file = "rapidfuzz-3.1.2-cp38-cp38-manylinux_2_17_x86_64.manylinux2014_x86_64.whl", hash = "sha256:a9dd80426417b07e3b86be44b7f7076086cd8290e1bbf1aa391f79e2807b1b8c"},
    {file = "rapidfuzz-3.1.2-cp38-cp38-musllinux_1_1_aarch64.whl", hash = "sha256:d30297b1ca6666db9171f500ac731e41d57fb5105d629b9115000d3e47cc5823"},
    {file = "rapidfuzz-3.1.2-cp38-cp38-musllinux_1_1_i686.whl", hash = "sha256:66fbe9d6764c92a26e3c1c391476ce29e99c5bf1b823051a2bbae4e1d23671be"},
    {file = "rapidfuzz-3.1.2-cp38-cp38-musllinux_1_1_ppc64le.whl", hash = "sha256:7553b67e575fe506fcc760f5ca3582185cb5599845ce27d63cd653a37fede925"},
    {file = "rapidfuzz-3.1.2-cp38-cp38-musllinux_1_1_s390x.whl", hash = "sha256:0bef51399bb733fe7a464183c35ceba092b6e06aeee6fbf52d8759e7f2bed263"},
    {file = "rapidfuzz-3.1.2-cp38-cp38-musllinux_1_1_x86_64.whl", hash = "sha256:b9abdadae018d7d7fa15e850d5c47ec5e45cf3796258d503986ce17ba4d8a71d"},
    {file = "rapidfuzz-3.1.2-cp38-cp38-win32.whl", hash = "sha256:3ad583c2f6595f8c261bfdac1485449e900c580b4dff25ecec2abc13dde29447"},
    {file = "rapidfuzz-3.1.2-cp38-cp38-win_amd64.whl", hash = "sha256:017a8b5c96665426977df7e55c2e80b4177a918c802fceb6aaa31d89c7dad961"},
    {file = "rapidfuzz-3.1.2-cp39-cp39-macosx_10_9_universal2.whl", hash = "sha256:eabb81ff00550d77e6a91b127f08a2e3feebc238596c37dad29dca4df4c212da"},
    {file = "rapidfuzz-3.1.2-cp39-cp39-macosx_10_9_x86_64.whl", hash = "sha256:1a392b4ca7bccd5e98e767305bb282d3effa466f52b8c803d7def812dd61775e"},
    {file = "rapidfuzz-3.1.2-cp39-cp39-macosx_11_0_arm64.whl", hash = "sha256:3c764f61cbb999ee92ea4e46e81a1e09d75ad00433cd19e9622808134d619a1d"},
    {file = "rapidfuzz-3.1.2-cp39-cp39-manylinux_2_17_aarch64.manylinux2014_aarch64.whl", hash = "sha256:37aa3caedc3553d38076a9f90abf8e6affa35b6b3db2e06c414636a95dd646f2"},
    {file = "rapidfuzz-3.1.2-cp39-cp39-manylinux_2_17_i686.manylinux2014_i686.whl", hash = "sha256:93c004f0656d683ea69f8b6e41cd14313b94e9d108529c9dca4a9e864d5dac48"},
    {file = "rapidfuzz-3.1.2-cp39-cp39-manylinux_2_17_ppc64le.manylinux2014_ppc64le.whl", hash = "sha256:621ece875ea3150bee10605ec2be957055bddd23abafb981047fe7840027f1b0"},
    {file = "rapidfuzz-3.1.2-cp39-cp39-manylinux_2_17_s390x.manylinux2014_s390x.whl", hash = "sha256:bbe026e4c8ce47d7f5b802b31e6a0cd35e402b80ff29fa9373ec5ece54629aff"},
    {file = "rapidfuzz-3.1.2-cp39-cp39-manylinux_2_17_x86_64.manylinux2014_x86_64.whl", hash = "sha256:178b32d806c62e4dfe1b19427af27547b565ded64f844d6d19203cede4f4f7ce"},
    {file = "rapidfuzz-3.1.2-cp39-cp39-musllinux_1_1_aarch64.whl", hash = "sha256:e7fc11a86be3df506149d1bf59e9b3edc818fbcada0a4786697b54707e6fc374"},
    {file = "rapidfuzz-3.1.2-cp39-cp39-musllinux_1_1_i686.whl", hash = "sha256:c0c15395d1763d89aea084d24564d0b6808988f05a0303d58dc633c27939fcb4"},
    {file = "rapidfuzz-3.1.2-cp39-cp39-musllinux_1_1_ppc64le.whl", hash = "sha256:77a3724f13fbc3ef867012f353d064459f618918f74a3276bffdb523e39350c9"},
    {file = "rapidfuzz-3.1.2-cp39-cp39-musllinux_1_1_s390x.whl", hash = "sha256:09bb9c0a7006ad6782a3ff1a50843b80551a771ad6736d66943acd3dcb68030b"},
    {file = "rapidfuzz-3.1.2-cp39-cp39-musllinux_1_1_x86_64.whl", hash = "sha256:7361a2879b827516203f61d12af8bbb7bea504d7b4d5c02a745bd6bb3fbd4326"},
    {file = "rapidfuzz-3.1.2-cp39-cp39-win32.whl", hash = "sha256:37238a2e8066e1573d2035906c77e58d4bbc5c50812bb667acb7975960260fed"},
    {file = "rapidfuzz-3.1.2-cp39-cp39-win_amd64.whl", hash = "sha256:e88af8e86fb011adc0221419a5615ed507a54cd74956b07345b8881d81a329e5"},
    {file = "rapidfuzz-3.1.2-cp39-cp39-win_arm64.whl", hash = "sha256:f28e33a5940cbaec2095aab516423728aa11d93d01ab6574c304894abe71e007"},
    {file = "rapidfuzz-3.1.2-pp37-pypy37_pp73-macosx_10_9_x86_64.whl", hash = "sha256:f3c69967ba33327e8e22a3a0ff3c22b3879ad0f885a097ff2a5c1fe7dbd8505f"},
    {file = "rapidfuzz-3.1.2-pp37-pypy37_pp73-manylinux_2_17_aarch64.manylinux2014_aarch64.whl", hash = "sha256:3bfeb47bc0be4b032462ba066b4198e79ef96a57a6bf5f6b64f1c63e5362000d"},
    {file = "rapidfuzz-3.1.2-pp37-pypy37_pp73-manylinux_2_17_i686.manylinux2014_i686.whl", hash = "sha256:24b84c09ad66c24fbaec0d1f72e74d0cb7ee86e8bf6429281c69377dba76ac67"},
    {file = "rapidfuzz-3.1.2-pp37-pypy37_pp73-manylinux_2_17_x86_64.manylinux2014_x86_64.whl", hash = "sha256:70bfe4be52b300973f16206ace8216b9a5607c89039f5ced1eb048a60e098624"},
    {file = "rapidfuzz-3.1.2-pp37-pypy37_pp73-win_amd64.whl", hash = "sha256:45c5e5d813569c4b613965bbfc7e5413615731aea9f932ea6f1854203ea52f9a"},
    {file = "rapidfuzz-3.1.2-pp38-pypy38_pp73-macosx_10_9_x86_64.whl", hash = "sha256:8be1910ff15bc5f22ac5fadcd3f0877a6eb9eba40f2d17303e8cd898d36f49f5"},
    {file = "rapidfuzz-3.1.2-pp38-pypy38_pp73-manylinux_2_17_aarch64.manylinux2014_aarch64.whl", hash = "sha256:94af8500ec952154144f54918d150f04bd2e520c94a27bdd186f57323b0b7b5b"},
    {file = "rapidfuzz-3.1.2-pp38-pypy38_pp73-manylinux_2_17_i686.manylinux2014_i686.whl", hash = "sha256:090bd5976d2af005c143fac5364af7eb6b71831a708031983dd78867070517d0"},
    {file = "rapidfuzz-3.1.2-pp38-pypy38_pp73-manylinux_2_17_x86_64.manylinux2014_x86_64.whl", hash = "sha256:6ceaaa418e594438240bd287f093bca33c7ee3b6c40e8ce6a74ebdcc9f280f9d"},
    {file = "rapidfuzz-3.1.2-pp38-pypy38_pp73-win_amd64.whl", hash = "sha256:2510fc00b47a8355485b0014b49b58437594b48a0f08d557de7ea9819ef31967"},
    {file = "rapidfuzz-3.1.2-pp39-pypy39_pp73-macosx_10_9_x86_64.whl", hash = "sha256:5a2e2203c4b7ecfe78a443810fcf2fcc1e1d96d59d3e704734e21b6f710df3f1"},
    {file = "rapidfuzz-3.1.2-pp39-pypy39_pp73-manylinux_2_17_aarch64.manylinux2014_aarch64.whl", hash = "sha256:fa439e73f8aa4f66e89fbc2bce6b2ae882d75ea4e4d75e5e584376db4f5fd73a"},
    {file = "rapidfuzz-3.1.2-pp39-pypy39_pp73-manylinux_2_17_i686.manylinux2014_i686.whl", hash = "sha256:b6e847d7558255483b399b6931e425143f68b8e0c176d30034c36a87dda4b9a9"},
    {file = "rapidfuzz-3.1.2-pp39-pypy39_pp73-manylinux_2_17_x86_64.manylinux2014_x86_64.whl", hash = "sha256:35219597d11f2d863b1bb774e98b6a0e1881d96033cf90b580b1d82192b5c809"},
    {file = "rapidfuzz-3.1.2-pp39-pypy39_pp73-win_amd64.whl", hash = "sha256:178bb9e57d940f22a828ec916639268c3fd6ee1d45e1cefd7a7022645d816ce0"},
    {file = "rapidfuzz-3.1.2.tar.gz", hash = "sha256:1b1b2eab728efc239c8aab97b4821f8e10dcd5a1b066365d0e38023e3b2289e8"},
]

[package.extras]
full = ["numpy"]

[metadata]
lock-version = "2.0"
python-versions = "^3.8"
content-hash = "5927aed6f314b0da18fbe84304c40d157083088736205e049f5feccc02f2a999"
